# Browser ghostty-vt.wasm provenance. REGENERATED by
# make publish-ghostty-vt-wasm; do not hand-edit. The binary is built and
# published by ghostty-org; we mirror the exact upstream bytes for the
# pinned commit as ghostty-vt-<pin>.wasm on the "native-vt-prebuilts" release,
# because upstream's "tip" is rebuilt on every commit to main and its
# assets cannot be pinned by hash. Consumers download and verify against
# sha256 before the module ever reaches a build.
pin=ce63fcba60abb7e11e6435fae32855c20ef3c9cf
upstream_asset=ghostty-vt.wasm
sha256=9dee592dcee43505d13ce58e687fec887fb8b137260d1fadb12aee497e395061
